
Microsoft Visual Studio Solution File, Format Version 12.00
# Visual Studio Version 17
VisualStudioVersion = 17.0.31903.59
MinimumVisualStudioVersion = 10.0.40219.1
Project("{2150E333-8FDC-42A3-9474-1A3956D46DE8}") = "Backend", "Backend", "{9FC655DE-A725-499E-8A8A-21A51740C3A7}"
EndProject
Project("{2150E333-8FDC-42A3-9474-1A3956D46DE8}") = "Atm.Backend.Core", "Atm.Backend.Core", "{7B46F4FB-A638-4082-8FBE-EFACF6072CA4}"
EndProject
Project("{FAE04EC0-301F-11D3-BF4B-00C04F79EFBC}") = "Atm.Backend.Core.Application", "Backend\Atm.Backend.Core\Atm.Backend.Core.Application\Atm.Backend.Core.Application.csproj", "{4F0104B2-2517-4DE6-AD1C-306F3254E2E3}"
EndProject
Project("{FAE04EC0-301F-11D3-BF4B-00C04F79EFBC}") = "Atm.Backend.Core.Domain", "Backend\Atm.Backend.Core\Atm.Backend.Core.Domain\Atm.Backend.Core.Domain.csproj", "{A5C2FF21-77D2-4F17-BF67-EF30898F4F2E}"
EndProject
Project("{FAE04EC0-301F-11D3-BF4B-00C04F79EFBC}") = "Atm.Backend.Infrastructure", "Backend\Atm.Backend.Infrastructure\Atm.Backend.Infrastructure.csproj", "{4E703765-836B-4E2A-992F-7DEE47C04955}"
EndProject
Project("{FAE04EC0-301F-11D3-BF4B-00C04F79EFBC}") = "Atm.Backend.Persistence", "Backend\Atm.Backend.Persistence\Atm.Backend.Persistence.csproj", "{6EFB4CEC-8ABB-4D92-BFAF-82BADAC7C1FD}"
EndProject
Project("{FAE04EC0-301F-11D3-BF4B-00C04F79EFBC}") = "Atm.Backend.Web", "Backend\Atm.Backend.Web\Atm.Backend.Web.csproj", "{F40B8C57-D4E9-40BA-833E-CD41935729E4}"
EndProject
Project("{2150E333-8FDC-42A3-9474-1A3956D46DE8}") = "Common", "Common", "{8D5D405C-8645-4F37-9C1C-E08F942A7152}"
EndProject
Project("{FAE04EC0-301F-11D3-BF4B-00C04F79EFBC}") = "Atm.Common", "Common\Atm.Common\Atm.Common.csproj", "{7877528D-862E-4C87-A868-3889CA33C07F}"
EndProject
Project("{FAE04EC0-301F-11D3-BF4B-00C04F79EFBC}") = "Atm.Common.Web", "Common\Atm.Common.Web\Atm.Common.Web.csproj", "{34095297-D90C-4265-8C2C-411387821573}"
EndProject
Project("{2150E333-8FDC-42A3-9474-1A3956D46DE8}") = "tests", "tests", "{CEBBE802-6A6D-4773-89F3-42BE9F789AF1}"
EndProject
Project("{FAE04EC0-301F-11D3-BF4B-00C04F79EFBC}") = "Atm.Common.Tests", "Common\tests\Atm.Common.Tests\Atm.Common.Tests.csproj", "{295B9182-620A-4777-9153-F363259CE2E1}"
EndProject
Project("{2150E333-8FDC-42A3-9474-1A3956D46DE8}") = "Security", "Security", "{83D75B18-0832-4C94-9E63-290EBDDF99BA}"
EndProject
Project("{FAE04EC0-301F-11D3-BF4B-00C04F79EFBC}") = "Atm.Security.Auth", "Security\Atm.Security.Auth\Atm.Security.Auth.csproj", "{D1171C24-C455-4AC6-82D7-43A0F0E4682F}"
EndProject
Project("{FAE04EC0-301F-11D3-BF4B-00C04F79EFBC}") = "Atm.Security.Common", "Security\Atm.Security.Common\Atm.Security.Common.csproj", "{342B2691-27BF-4EE1-9902-760D3EACBAC3}"
EndProject
Global
	GlobalSection(SolutionConfigurationPlatforms) = preSolution
		Debug|Any CPU = Debug|Any CPU
		Release|Any CPU = Release|Any CPU
	EndGlobalSection
	GlobalSection(SolutionProperties) = preSolution
		HideSolutionNode = FALSE
	EndGlobalSection
	GlobalSection(ProjectConfigurationPlatforms) = postSolution
		{4F0104B2-2517-4DE6-AD1C-306F3254E2E3}.Debug|Any CPU.ActiveCfg = Debug|Any CPU
		{4F0104B2-2517-4DE6-AD1C-306F3254E2E3}.Debug|Any CPU.Build.0 = Debug|Any CPU
		{4F0104B2-2517-4DE6-AD1C-306F3254E2E3}.Release|Any CPU.ActiveCfg = Release|Any CPU
		{4F0104B2-2517-4DE6-AD1C-306F3254E2E3}.Release|Any CPU.Build.0 = Release|Any CPU
		{A5C2FF21-77D2-4F17-BF67-EF30898F4F2E}.Debug|Any CPU.ActiveCfg = Debug|Any CPU
		{A5C2FF21-77D2-4F17-BF67-EF30898F4F2E}.Debug|Any CPU.Build.0 = Debug|Any CPU
		{A5C2FF21-77D2-4F17-BF67-EF30898F4F2E}.Release|Any CPU.ActiveCfg = Release|Any CPU
		{A5C2FF21-77D2-4F17-BF67-EF30898F4F2E}.Release|Any CPU.Build.0 = Release|Any CPU
		{4E703765-836B-4E2A-992F-7DEE47C04955}.Debug|Any CPU.ActiveCfg = Debug|Any CPU
		{4E703765-836B-4E2A-992F-7DEE47C04955}.Debug|Any CPU.Build.0 = Debug|Any CPU
		{4E703765-836B-4E2A-992F-7DEE47C04955}.Release|Any CPU.ActiveCfg = Release|Any CPU
		{4E703765-836B-4E2A-992F-7DEE47C04955}.Release|Any CPU.Build.0 = Release|Any CPU
		{6EFB4CEC-8ABB-4D92-BFAF-82BADAC7C1FD}.Debug|Any CPU.ActiveCfg = Debug|Any CPU
		{6EFB4CEC-8ABB-4D92-BFAF-82BADAC7C1FD}.Debug|Any CPU.Build.0 = Debug|Any CPU
		{6EFB4CEC-8ABB-4D92-BFAF-82BADAC7C1FD}.Release|Any CPU.ActiveCfg = Release|Any CPU
		{6EFB4CEC-8ABB-4D92-BFAF-82BADAC7C1FD}.Release|Any CPU.Build.0 = Release|Any CPU
		{F40B8C57-D4E9-40BA-833E-CD41935729E4}.Debug|Any CPU.ActiveCfg = Debug|Any CPU
		{F40B8C57-D4E9-40BA-833E-CD41935729E4}.Debug|Any CPU.Build.0 = Debug|Any CPU
		{F40B8C57-D4E9-40BA-833E-CD41935729E4}.Release|Any CPU.ActiveCfg = Release|Any CPU
		{F40B8C57-D4E9-40BA-833E-CD41935729E4}.Release|Any CPU.Build.0 = Release|Any CPU
		{7877528D-862E-4C87-A868-3889CA33C07F}.Debug|Any CPU.ActiveCfg = Debug|Any CPU
		{7877528D-862E-4C87-A868-3889CA33C07F}.Debug|Any CPU.Build.0 = Debug|Any CPU
		{7877528D-862E-4C87-A868-3889CA33C07F}.Release|Any CPU.ActiveCfg = Release|Any CPU
		{7877528D-862E-4C87-A868-3889CA33C07F}.Release|Any CPU.Build.0 = Release|Any CPU
		{34095297-D90C-4265-8C2C-411387821573}.Debug|Any CPU.ActiveCfg = Debug|Any CPU
		{34095297-D90C-4265-8C2C-411387821573}.Debug|Any CPU.Build.0 = Debug|Any CPU
		{34095297-D90C-4265-8C2C-411387821573}.Release|Any CPU.ActiveCfg = Release|Any CPU
		{34095297-D90C-4265-8C2C-411387821573}.Release|Any CPU.Build.0 = Release|Any CPU
		{295B9182-620A-4777-9153-F363259CE2E1}.Debug|Any CPU.ActiveCfg = Debug|Any CPU
		{295B9182-620A-4777-9153-F363259CE2E1}.Debug|Any CPU.Build.0 = Debug|Any CPU
		{295B9182-620A-4777-9153-F363259CE2E1}.Release|Any CPU.ActiveCfg = Release|Any CPU
		{295B9182-620A-4777-9153-F363259CE2E1}.Release|Any CPU.Build.0 = Release|Any CPU
		{D1171C24-C455-4AC6-82D7-43A0F0E4682F}.Debug|Any CPU.ActiveCfg = Debug|Any CPU
		{D1171C24-C455-4AC6-82D7-43A0F0E4682F}.Debug|Any CPU.Build.0 = Debug|Any CPU
		{D1171C24-C455-4AC6-82D7-43A0F0E4682F}.Release|Any CPU.ActiveCfg = Release|Any CPU
		{D1171C24-C455-4AC6-82D7-43A0F0E4682F}.Release|Any CPU.Build.0 = Release|Any CPU
		{342B2691-27BF-4EE1-9902-760D3EACBAC3}.Debug|Any CPU.ActiveCfg = Debug|Any CPU
		{342B2691-27BF-4EE1-9902-760D3EACBAC3}.Debug|Any CPU.Build.0 = Debug|Any CPU
		{342B2691-27BF-4EE1-9902-760D3EACBAC3}.Release|Any CPU.ActiveCfg = Release|Any CPU
		{342B2691-27BF-4EE1-9902-760D3EACBAC3}.Release|Any CPU.Build.0 = Release|Any CPU
	EndGlobalSection
	GlobalSection(NestedProjects) = preSolution
		{7B46F4FB-A638-4082-8FBE-EFACF6072CA4} = {9FC655DE-A725-499E-8A8A-21A51740C3A7}
		{4F0104B2-2517-4DE6-AD1C-306F3254E2E3} = {7B46F4FB-A638-4082-8FBE-EFACF6072CA4}
		{A5C2FF21-77D2-4F17-BF67-EF30898F4F2E} = {7B46F4FB-A638-4082-8FBE-EFACF6072CA4}
		{4E703765-836B-4E2A-992F-7DEE47C04955} = {9FC655DE-A725-499E-8A8A-21A51740C3A7}
		{6EFB4CEC-8ABB-4D92-BFAF-82BADAC7C1FD} = {9FC655DE-A725-499E-8A8A-21A51740C3A7}
		{F40B8C57-D4E9-40BA-833E-CD41935729E4} = {9FC655DE-A725-499E-8A8A-21A51740C3A7}
		{7877528D-862E-4C87-A868-3889CA33C07F} = {8D5D405C-8645-4F37-9C1C-E08F942A7152}
		{34095297-D90C-4265-8C2C-411387821573} = {8D5D405C-8645-4F37-9C1C-E08F942A7152}
		{CEBBE802-6A6D-4773-89F3-42BE9F789AF1} = {8D5D405C-8645-4F37-9C1C-E08F942A7152}
		{295B9182-620A-4777-9153-F363259CE2E1} = {CEBBE802-6A6D-4773-89F3-42BE9F789AF1}
		{D1171C24-C455-4AC6-82D7-43A0F0E4682F} = {83D75B18-0832-4C94-9E63-290EBDDF99BA}
		{342B2691-27BF-4EE1-9902-760D3EACBAC3} = {83D75B18-0832-4C94-9E63-290EBDDF99BA}
	EndGlobalSection
EndGlobal
