
Microsoft Visual Studio Solution File, Format Version 12.00
# Visual Studio Version 17
VisualStudioVersion = 17.0.31903.59
MinimumVisualStudioVersion = 10.0.40219.1
Project("{FAE04EC0-301F-11D3-BF4B-00C04F79EFBC}") = "Atm.Backend.Web", "Atm.Backend.Web\Atm.Backend.Web.csproj", "{883B87A8-C9C6-4218-A911-519CD40B6343}"
EndProject
Project("{FAE04EC0-301F-11D3-BF4B-00C04F79EFBC}") = "Atm.Backend.Persistence", "Atm.Backend.Persistence\Atm.Backend.Persistence.csproj", "{C1971274-5831-46E9-B324-3E900E6B8B2C}"
EndProject
Project("{FAE04EC0-301F-11D3-BF4B-00C04F79EFBC}") = "Atm.Backend.Infrastructure", "Atm.Backend.Infrastructure\Atm.Backend.Infrastructure.csproj", "{2A043A13-65B0-4C67-97DC-68D998AC578B}"
EndProject
Project("{2150E333-8FDC-42A3-9474-1A3956D46DE8}") = "Atm.Backend.Core", "Atm.Backend.Core", "{FE2507C8-F080-4101-82CB-B66250B480B4}"
EndProject
Project("{FAE04EC0-301F-11D3-BF4B-00C04F79EFBC}") = "Atm.Backend.Core.Application", "Atm.Backend.Core\Atm.Backend.Core.Application\Atm.Backend.Core.Application.csproj", "{819B9F44-0E17-489D-80FF-4603541C6326}"
EndProject
Project("{FAE04EC0-301F-11D3-BF4B-00C04F79EFBC}") = "Atm.Backend.Core.Domain", "Atm.Backend.Core\Atm.Backend.Core.Domain\Atm.Backend.Core.Domain.csproj", "{064F8370-39B6-440A-B12B-ACC08CF19927}"
EndProject
Global
	GlobalSection(SolutionConfigurationPlatforms) = preSolution
		Debug|Any CPU = Debug|Any CPU
		Release|Any CPU = Release|Any CPU
	EndGlobalSection
	GlobalSection(SolutionProperties) = preSolution
		HideSolutionNode = FALSE
	EndGlobalSection
	GlobalSection(ProjectConfigurationPlatforms) = postSolution
		{883B87A8-C9C6-4218-A911-519CD40B6343}.Debug|Any CPU.ActiveCfg = Debug|Any CPU
		{883B87A8-C9C6-4218-A911-519CD40B6343}.Debug|Any CPU.Build.0 = Debug|Any CPU
		{883B87A8-C9C6-4218-A911-519CD40B6343}.Release|Any CPU.ActiveCfg = Release|Any CPU
		{883B87A8-C9C6-4218-A911-519CD40B6343}.Release|Any CPU.Build.0 = Release|Any CPU
		{C1971274-5831-46E9-B324-3E900E6B8B2C}.Debug|Any CPU.ActiveCfg = Debug|Any CPU
		{C1971274-5831-46E9-B324-3E900E6B8B2C}.Debug|Any CPU.Build.0 = Debug|Any CPU
		{C1971274-5831-46E9-B324-3E900E6B8B2C}.Release|Any CPU.ActiveCfg = Release|Any CPU
		{C1971274-5831-46E9-B324-3E900E6B8B2C}.Release|Any CPU.Build.0 = Release|Any CPU
		{2A043A13-65B0-4C67-97DC-68D998AC578B}.Debug|Any CPU.ActiveCfg = Debug|Any CPU
		{2A043A13-65B0-4C67-97DC-68D998AC578B}.Debug|Any CPU.Build.0 = Debug|Any CPU
		{2A043A13-65B0-4C67-97DC-68D998AC578B}.Release|Any CPU.ActiveCfg = Release|Any CPU
		{2A043A13-65B0-4C67-97DC-68D998AC578B}.Release|Any CPU.Build.0 = Release|Any CPU
		{819B9F44-0E17-489D-80FF-4603541C6326}.Debug|Any CPU.ActiveCfg = Debug|Any CPU
		{819B9F44-0E17-489D-80FF-4603541C6326}.Debug|Any CPU.Build.0 = Debug|Any CPU
		{819B9F44-0E17-489D-80FF-4603541C6326}.Release|Any CPU.ActiveCfg = Release|Any CPU
		{819B9F44-0E17-489D-80FF-4603541C6326}.Release|Any CPU.Build.0 = Release|Any CPU
		{064F8370-39B6-440A-B12B-ACC08CF19927}.Debug|Any CPU.ActiveCfg = Debug|Any CPU
		{064F8370-39B6-440A-B12B-ACC08CF19927}.Debug|Any CPU.Build.0 = Debug|Any CPU
		{064F8370-39B6-440A-B12B-ACC08CF19927}.Release|Any CPU.ActiveCfg = Release|Any CPU
		{064F8370-39B6-440A-B12B-ACC08CF19927}.Release|Any CPU.Build.0 = Release|Any CPU
	EndGlobalSection
	GlobalSection(NestedProjects) = preSolution
		{819B9F44-0E17-489D-80FF-4603541C6326} = {FE2507C8-F080-4101-82CB-B66250B480B4}
		{064F8370-39B6-440A-B12B-ACC08CF19927} = {FE2507C8-F080-4101-82CB-B66250B480B4}
	EndGlobalSection
EndGlobal
